
Microsoft Visual Studio Solution File, Format Version 12.00
# Visual Studio Version 17
VisualStudioVersion = 17.5.33414.496
MinimumVisualStudioVersion = 10.0.40219.1
Project("{888888A0-9F3D-457C-B088-3A5042F75D52}") = "PiDaria1", "PiDaria1\PiDaria1.pyproj", "{C696B740-32F8-431A-8498-4BEC70EFFCD7}"
EndProject
Global
	GlobalSection(SolutionConfigurationPlatforms) = preSolution
		Debug|Any CPU = Debug|Any CPU
		Release|Any CPU = Release|Any CPU
	EndGlobalSection
	GlobalSection(ProjectConfigurationPlatforms) = postSolution
		{C696B740-32F8-431A-8498-4BEC70EFFCD7}.Debug|Any CPU.ActiveCfg = Debug|Any CPU
		{C696B740-32F8-431A-8498-4BEC70EFFCD7}.Debug|Any CPU.Build.0 = Debug|Any CPU
		{C696B740-32F8-431A-8498-4BEC70EFFCD7}.Release|Any CPU.ActiveCfg = Release|Any CPU
		{C696B740-32F8-431A-8498-4BEC70EFFCD7}.Release|Any CPU.Build.0 = Release|Any CPU
	EndGlobalSection
	GlobalSection(SolutionProperties) = preSolution
		HideSolutionNode = FALSE
	EndGlobalSection
	GlobalSection(ExtensibilityGlobals) = postSolution
		SolutionGuid = {212A389E-935D-4E81-BA6F-C59F5BD37E47}
	EndGlobalSection
EndGlobal
